
Microsoft Visual Studio Solution File, Format Version 12.00
# Visual Studio Version 16
VisualStudioVersion = 16.0.30717.126
MinimumVisualStudioVersion = 10.0.40219.1
Project("{9A19103F-16F7-4668-BE54-9A1E7A4F7556}") = "PixelFlutServer.Mjpeg", "PixelFlutServer.Mjpeg\PixelFlutServer.Mjpeg.csproj", "{8DF46102-3376-487D-970D-0C7F236647FB}"
EndProject
Project("{FAE04EC0-301F-11D3-BF4B-00C04F79EFBC}") = "PixelFlutServer.Tests", "PixelFlutServer.Tests\PixelFlutServer.Tests.csproj", "{31D696D4-9ABF-436C-8D65-A91A6829F9CE}"
EndProject
Global
	GlobalSection(SolutionConfigurationPlatforms) = preSolution
		Debug|Any CPU = Debug|Any CPU
		Release|Any CPU = Release|Any CPU
	EndGlobalSection
	GlobalSection(ProjectConfigurationPlatforms) = postSolution
		{8DF46102-3376-487D-970D-0C7F236647FB}.Debug|Any CPU.ActiveCfg = Debug|Any CPU
		{8DF46102-3376-487D-970D-0C7F236647FB}.Debug|Any CPU.Build.0 = Debug|Any CPU
		{8DF46102-3376-487D-970D-0C7F236647FB}.Release|Any CPU.ActiveCfg = Release|Any CPU
		{8DF46102-3376-487D-970D-0C7F236647FB}.Release|Any CPU.Build.0 = Release|Any CPU
		{31D696D4-9ABF-436C-8D65-A91A6829F9CE}.Debug|Any CPU.ActiveCfg = Debug|Any CPU
		{31D696D4-9ABF-436C-8D65-A91A6829F9CE}.Debug|Any CPU.Build.0 = Debug|Any CPU
		{31D696D4-9ABF-436C-8D65-A91A6829F9CE}.Release|Any CPU.ActiveCfg = Release|Any CPU
		{31D696D4-9ABF-436C-8D65-A91A6829F9CE}.Release|Any CPU.Build.0 = Release|Any CPU
	EndGlobalSection
	GlobalSection(SolutionProperties) = preSolution
		HideSolutionNode = FALSE
	EndGlobalSection
	GlobalSection(ExtensibilityGlobals) = postSolution
		SolutionGuid = {3DAD7082-C34C-4820-9106-E5681D1D6809}
	EndGlobalSection
EndGlobal
